
Microsoft Visual Studio Solution File, Format Version 12.00
# Visual Studio 14
VisualStudioVersion = 14.0.24720.0
MinimumVisualStudioVersion = 10.0.40219.1
Project("{FAE04EC0-301F-11D3-BF4B-00C04F79EFBC}") = "AdventOfCode", "AdventOfCode\AdventOfCode.csproj", "{5707B540-3EDE-4BF9-A7E0-66948EAFA176}"
EndProject
Project("{FAE04EC0-301F-11D3-BF4B-00C04F79EFBC}") = "Day5Tests", "Day5Tests\Day5Tests.csproj", "{1A58C622-69A0-4622-9E41-3EEC24101641}"
EndProject
Global
	GlobalSection(SolutionConfigurationPlatforms) = preSolution
		Debug|Any CPU = Debug|Any CPU
		Release|Any CPU = Release|Any CPU
	EndGlobalSection
	GlobalSection(ProjectConfigurationPlatforms) = postSolution
		{5707B540-3EDE-4BF9-A7E0-66948EAFA176}.Debug|Any CPU.ActiveCfg = Debug|Any CPU
		{5707B540-3EDE-4BF9-A7E0-66948EAFA176}.Debug|Any CPU.Build.0 = Debug|Any CPU
		{5707B540-3EDE-4BF9-A7E0-66948EAFA176}.Release|Any CPU.ActiveCfg = Release|Any CPU
		{5707B540-3EDE-4BF9-A7E0-66948EAFA176}.Release|Any CPU.Build.0 = Release|Any CPU
		{1A58C622-69A0-4622-9E41-3EEC24101641}.Debug|Any CPU.ActiveCfg = Debug|Any CPU
		{1A58C622-69A0-4622-9E41-3EEC24101641}.Debug|Any CPU.Build.0 = Debug|Any CPU
		{1A58C622-69A0-4622-9E41-3EEC24101641}.Release|Any CPU.ActiveCfg = Release|Any CPU
		{1A58C622-69A0-4622-9E41-3EEC24101641}.Release|Any CPU.Build.0 = Release|Any CPU
	EndGlobalSection
	GlobalSection(SolutionProperties) = preSolution
		HideSolutionNode = FALSE
	EndGlobalSection
EndGlobal
